# This file is automatically @generated by Cargo.
# It is not intended for manual editing.
[[package]]
name = "arrayvec"
version = "0.5.2"
source = "registry+https://github.com/rust-lang/crates.io-index"
checksum = "23b62fc65de8e4e7f52534fb52b0f3ed04746ae267519eef2a83941e8085068b"

[[package]]
name = "autocfg"
version = "1.0.1"
source = "registry+https://github.com/rust-lang/crates.io-index"
checksum = "cdb031dd78e28731d87d56cc8ffef4a8f36ca26c38fe2de700543e627f8a464a"

[[package]]
name = "bind_match"
version = "0.1.2"
source = "registry+https://github.com/rust-lang/crates.io-index"
checksum = "171f0236f66c7be99f32060539c2bade94033ded356ecf4c9dc9b1e6198326cd"

[[package]]
name = "euclid"
version = "0.22.2"
source = "registry+https://github.com/rust-lang/crates.io-index"
checksum = "51e5bac4ec41ece6346fd867815a57a221abdf48f4eb931b033789b5b4b6fc70"
dependencies = [
 "num-traits",
]

[[package]]
name = "lazy_static"
version = "1.4.0"
source = "registry+https://github.com/rust-lang/crates.io-index"
checksum = "e2abad23fbc42b3700f2f279844dc832adb2b2eb069b2df918f455c4e18cc646"

[[package]]
name = "libm"
version = "0.1.4"
source = "registry+https://github.com/rust-lang/crates.io-index"
checksum = "7fc7aa29613bd6a620df431842069224d8bc9011086b1db4c0e0cd47fa03ec9a"

[[package]]
name = "lyon"
version = "0.17.5"
source = "registry+https://github.com/rust-lang/crates.io-index"
checksum = "3a146a460c58fb5361fc7faf8d7a68b274f11969ee1f6856875c162d679d0306"
dependencies = [
 "lyon_algorithms",
 "lyon_tessellation",
]

[[package]]
name = "lyon_algorithms"
version = "0.17.4"
source = "registry+https://github.com/rust-lang/crates.io-index"
checksum = "6931fa85f0e649e8d781a31ffc9fa42aee5074b965a0bad7d05f84aaef2e8933"
dependencies = [
 "lyon_path",
 "sid",
]

[[package]]
name = "lyon_geom"
version = "0.17.0"
source = "registry+https://github.com/rust-lang/crates.io-index"
checksum = "edb987cd391542608ca8d43c0cd5ec44ebe4a0957eb89769a316c99d7fe14537"
dependencies = [
 "arrayvec",
 "euclid",
 "num-traits",
]

[[package]]
name = "lyon_path"
version = "0.17.1"
source = "registry+https://github.com/rust-lang/crates.io-index"
checksum = "23d64beb93be63439bc744041d132d62fdec831181eeb474f675e5f6a81f5ac1"
dependencies = [
 "lyon_geom",
]

[[package]]
name = "lyon_tessellation"
version = "0.17.5"
source = "registry+https://github.com/rust-lang/crates.io-index"
checksum = "f982ed26be45d240227e7e1b1f7368b8e671512deb2c441c47c5c77e2a179648"
dependencies = [
 "arrayvec",
 "lyon_path",
 "sid",
]

[[package]]
name = "narui"
version = "0.1.0"
dependencies = [
 "lyon",
 "narui_derive",
 "stretch",
]

[[package]]
name = "narui_derive"
version = "0.1.0"
dependencies = [
 "bind_match",
 "proc-macro2",
 "quote",
 "syn",
 "syn-rsx",
]

[[package]]
name = "num-traits"
version = "0.2.14"
source = "registry+https://github.com/rust-lang/crates.io-index"
checksum = "9a64b1ec5cda2586e284722486d802acf1f7dbdc623e2bfc57e65ca1cd099290"
dependencies = [
 "autocfg",
]

[[package]]
name = "proc-macro2"
version = "1.0.26"
source = "registry+https://github.com/rust-lang/crates.io-index"
checksum = "a152013215dca273577e18d2bf00fa862b89b24169fb78c4c95aeb07992c9cec"
dependencies = [
 "unicode-xid",
]

[[package]]
name = "quote"
version = "1.0.9"
source = "registry+https://github.com/rust-lang/crates.io-index"
checksum = "c3d0b9745dc2debf507c8422de05d7226cc1f0644216dfdfead988f9b1ab32a7"
dependencies = [
 "proc-macro2",
]

[[package]]
name = "sid"
version = "0.6.1"
source = "registry+https://github.com/rust-lang/crates.io-index"
checksum = "bd5ac56c121948b4879bba9e519852c211bcdd8f014efff766441deff0b91bdb"
dependencies = [
 "num-traits",
]

[[package]]
name = "stretch"
version = "0.3.2"
source = "registry+https://github.com/rust-lang/crates.io-index"
checksum = "7b0dc6d20ce137f302edf90f9cd3d278866fd7fb139efca6f246161222ad6d87"
dependencies = [
 "lazy_static",
 "libm",
]

[[package]]
name = "syn"
version = "1.0.68"
source = "registry+https://github.com/rust-lang/crates.io-index"
checksum = "3ce15dd3ed8aa2f8eeac4716d6ef5ab58b6b9256db41d7e1a0224c2788e8fd87"
dependencies = [
 "proc-macro2",
 "quote",
 "unicode-xid",
]

[[package]]
name = "syn-rsx"
version = "0.8.0"
source = "registry+https://github.com/rust-lang/crates.io-index"
checksum = "03cf9fee627ff24a7b867de595a6951a3b835407f0c0af9475729acb287ed8bf"
dependencies = [
 "proc-macro2",
 "quote",
 "syn",
]

[[package]]
name = "unicode-xid"
version = "0.2.1"
source = "registry+https://github.com/rust-lang/crates.io-index"
checksum = "f7fe0bb3479651439c9112f72b6c505038574c9fbb575ed1bf3b797fa39dd564"
